
Microsoft Visual Studio Solution File, Format Version 12.00
# Visual Studio Version 17
VisualStudioVersion = 17.13.35818.85 d17.13
MinimumVisualStudioVersion = 10.0.40219.1
Project("{FAE04EC0-301F-11D3-BF4B-00C04F79EFBC}") = "ㄴ셔요41", "ㄴ셔요41\ㄴ셔요41.csproj", "{CBF674F7-43E1-40C1-849A-4FB2AA1DCE1E}"
EndProject
Global
	GlobalSection(SolutionConfigurationPlatforms) = preSolution
		Debug|Any CPU = Debug|Any CPU
		Release|Any CPU = Release|Any CPU
	EndGlobalSection
	GlobalSection(ProjectConfigurationPlatforms) = postSolution
		{CBF674F7-43E1-40C1-849A-4FB2AA1DCE1E}.Debug|Any CPU.ActiveCfg = Debug|Any CPU
		{CBF674F7-43E1-40C1-849A-4FB2AA1DCE1E}.Debug|Any CPU.Build.0 = Debug|Any CPU
		{CBF674F7-43E1-40C1-849A-4FB2AA1DCE1E}.Release|Any CPU.ActiveCfg = Release|Any CPU
		{CBF674F7-43E1-40C1-849A-4FB2AA1DCE1E}.Release|Any CPU.Build.0 = Release|Any CPU
	EndGlobalSection
	GlobalSection(SolutionProperties) = preSolution
		HideSolutionNode = FALSE
	EndGlobalSection
	GlobalSection(ExtensibilityGlobals) = postSolution
		SolutionGuid = {6DABDCE1-A2A0-41FF-A52F-7ADA49CB5E4E}
	EndGlobalSection
EndGlobal
