
Microsoft Visual Studio Solution File, Format Version 12.00
# Visual Studio Version 17
VisualStudioVersion = 17.13.35818.85 d17.13
MinimumVisualStudioVersion = 10.0.40219.1
Project("{FAE04EC0-301F-11D3-BF4B-00C04F79EFBC}") = "study25", "study25\study25.csproj", "{BF3F0304-4220-4754-8EC2-B4F2309480E9}"
EndProject
Global
	GlobalSection(SolutionConfigurationPlatforms) = preSolution
		Debug|Any CPU = Debug|Any CPU
		Release|Any CPU = Release|Any CPU
	EndGlobalSection
	GlobalSection(ProjectConfigurationPlatforms) = postSolution
		{BF3F0304-4220-4754-8EC2-B4F2309480E9}.Debug|Any CPU.ActiveCfg = Debug|Any CPU
		{BF3F0304-4220-4754-8EC2-B4F2309480E9}.Debug|Any CPU.Build.0 = Debug|Any CPU
		{BF3F0304-4220-4754-8EC2-B4F2309480E9}.Release|Any CPU.ActiveCfg = Release|Any CPU
		{BF3F0304-4220-4754-8EC2-B4F2309480E9}.Release|Any CPU.Build.0 = Release|Any CPU
	EndGlobalSection
	GlobalSection(SolutionProperties) = preSolution
		HideSolutionNode = FALSE
	EndGlobalSection
	GlobalSection(ExtensibilityGlobals) = postSolution
		SolutionGuid = {3471BADB-55CB-44AB-8154-DCBA90469438}
	EndGlobalSection
EndGlobal
