
Microsoft Visual Studio Solution File, Format Version 12.00
# Visual Studio Version 17
VisualStudioVersion = 17.13.35818.85 d17.13
MinimumVisualStudioVersion = 10.0.40219.1
Project("{FAE04EC0-301F-11D3-BF4B-00C04F79EFBC}") = "study21", "study21\study21.csproj", "{48674A49-5588-46B1-85F8-6C3D2A96A70D}"
EndProject
Global
	GlobalSection(SolutionConfigurationPlatforms) = preSolution
		Debug|Any CPU = Debug|Any CPU
		Release|Any CPU = Release|Any CPU
	EndGlobalSection
	GlobalSection(ProjectConfigurationPlatforms) = postSolution
		{48674A49-5588-46B1-85F8-6C3D2A96A70D}.Debug|Any CPU.ActiveCfg = Debug|Any CPU
		{48674A49-5588-46B1-85F8-6C3D2A96A70D}.Debug|Any CPU.Build.0 = Debug|Any CPU
		{48674A49-5588-46B1-85F8-6C3D2A96A70D}.Release|Any CPU.ActiveCfg = Release|Any CPU
		{48674A49-5588-46B1-85F8-6C3D2A96A70D}.Release|Any CPU.Build.0 = Release|Any CPU
	EndGlobalSection
	GlobalSection(SolutionProperties) = preSolution
		HideSolutionNode = FALSE
	EndGlobalSection
	GlobalSection(ExtensibilityGlobals) = postSolution
		SolutionGuid = {216D8343-C65D-48A0-9070-8E5B6FEACBEA}
	EndGlobalSection
EndGlobal
