Microsoft Visual Studio Solution File, Format Version 12.00
# Visual Studio Version 17
VisualStudioVersion = 17.14.35806.103
MinimumVisualStudioVersion = 10.0.40219.1
Project("{FAE04EC0-301F-11D3-BF4B-00C04F79EFBC}") = "studyReadLine", "studyReadLine\studyReadLine.csproj", "{066D86F7-C6D5-4945-A373-3F0F502CA7FB}"
EndProject
Global
	GlobalSection(SolutionConfigurationPlatforms) = preSolution
		Debug|Any CPU = Debug|Any CPU
		Release|Any CPU = Release|Any CPU
	EndGlobalSection
	GlobalSection(ProjectConfigurationPlatforms) = postSolution
		{066D86F7-C6D5-4945-A373-3F0F502CA7FB}.Debug|Any CPU.ActiveCfg = Debug|Any CPU
		{066D86F7-C6D5-4945-A373-3F0F502CA7FB}.Debug|Any CPU.Build.0 = Debug|Any CPU
		{066D86F7-C6D5-4945-A373-3F0F502CA7FB}.Release|Any CPU.ActiveCfg = Release|Any CPU
		{066D86F7-C6D5-4945-A373-3F0F502CA7FB}.Release|Any CPU.Build.0 = Release|Any CPU
	EndGlobalSection
	GlobalSection(SolutionProperties) = preSolution
		HideSolutionNode = FALSE
	EndGlobalSection
	GlobalSection(ExtensibilityGlobals) = postSolution
		SolutionGuid = {FF2E2490-69D0-4B5A-AC52-614F179A66A7}
	EndGlobalSection
EndGlobal
