
Microsoft Visual Studio Solution File, Format Version 12.00
# Visual Studio Version 17
VisualStudioVersion = 17.13.35818.85 d17.13
MinimumVisualStudioVersion = 10.0.40219.1
Project("{FAE04EC0-301F-11D3-BF4B-00C04F79EFBC}") = "ㄴ셔요37", "ㄴ셔요37\ㄴ셔요37.csproj", "{AB034DBD-F78C-44F2-BC89-DD33FFE1E8FD}"
EndProject
Global
	GlobalSection(SolutionConfigurationPlatforms) = preSolution
		Debug|Any CPU = Debug|Any CPU
		Release|Any CPU = Release|Any CPU
	EndGlobalSection
	GlobalSection(ProjectConfigurationPlatforms) = postSolution
		{AB034DBD-F78C-44F2-BC89-DD33FFE1E8FD}.Debug|Any CPU.ActiveCfg = Debug|Any CPU
		{AB034DBD-F78C-44F2-BC89-DD33FFE1E8FD}.Debug|Any CPU.Build.0 = Debug|Any CPU
		{AB034DBD-F78C-44F2-BC89-DD33FFE1E8FD}.Release|Any CPU.ActiveCfg = Release|Any CPU
		{AB034DBD-F78C-44F2-BC89-DD33FFE1E8FD}.Release|Any CPU.Build.0 = Release|Any CPU
	EndGlobalSection
	GlobalSection(SolutionProperties) = preSolution
		HideSolutionNode = FALSE
	EndGlobalSection
	GlobalSection(ExtensibilityGlobals) = postSolution
		SolutionGuid = {2A08DFA5-6149-40BC-8140-D86EDB816177}
	EndGlobalSection
EndGlobal
