
Microsoft Visual Studio Solution File, Format Version 12.00
# Visual Studio Version 17
VisualStudioVersion = 17.13.35818.85 d17.13
MinimumVisualStudioVersion = 10.0.40219.1
Project("{FAE04EC0-301F-11D3-BF4B-00C04F79EFBC}") = "study12", "study12\study12.csproj", "{792C1F42-EEBB-4FA6-9FC0-A0B53668DAF8}"
EndProject
Global
	GlobalSection(SolutionConfigurationPlatforms) = preSolution
		Debug|Any CPU = Debug|Any CPU
		Release|Any CPU = Release|Any CPU
	EndGlobalSection
	GlobalSection(ProjectConfigurationPlatforms) = postSolution
		{792C1F42-EEBB-4FA6-9FC0-A0B53668DAF8}.Debug|Any CPU.ActiveCfg = Debug|Any CPU
		{792C1F42-EEBB-4FA6-9FC0-A0B53668DAF8}.Debug|Any CPU.Build.0 = Debug|Any CPU
		{792C1F42-EEBB-4FA6-9FC0-A0B53668DAF8}.Release|Any CPU.ActiveCfg = Release|Any CPU
		{792C1F42-EEBB-4FA6-9FC0-A0B53668DAF8}.Release|Any CPU.Build.0 = Release|Any CPU
	EndGlobalSection
	GlobalSection(SolutionProperties) = preSolution
		HideSolutionNode = FALSE
	EndGlobalSection
	GlobalSection(ExtensibilityGlobals) = postSolution
		SolutionGuid = {D3A938EC-40EE-4B9A-A6EB-2C45A9F800AB}
	EndGlobalSection
EndGlobal
