
Microsoft Visual Studio Solution File, Format Version 12.00
# Visual Studio Version 17
VisualStudioVersion = 17.13.35818.85 d17.13
MinimumVisualStudioVersion = 10.0.40219.1
Project("{FAE04EC0-301F-11D3-BF4B-00C04F79EFBC}") = "ShootingGame", "ShootingGame\ShootingGame.csproj", "{015B05AA-BD84-47B1-8DF0-DD21F962C522}"
EndProject
Global
	GlobalSection(SolutionConfigurationPlatforms) = preSolution
		Debug|Any CPU = Debug|Any CPU
		Release|Any CPU = Release|Any CPU
	EndGlobalSection
	GlobalSection(ProjectConfigurationPlatforms) = postSolution
		{015B05AA-BD84-47B1-8DF0-DD21F962C522}.Debug|Any CPU.ActiveCfg = Debug|Any CPU
		{015B05AA-BD84-47B1-8DF0-DD21F962C522}.Debug|Any CPU.Build.0 = Debug|Any CPU
		{015B05AA-BD84-47B1-8DF0-DD21F962C522}.Release|Any CPU.ActiveCfg = Release|Any CPU
		{015B05AA-BD84-47B1-8DF0-DD21F962C522}.Release|Any CPU.Build.0 = Release|Any CPU
	EndGlobalSection
	GlobalSection(SolutionProperties) = preSolution
		HideSolutionNode = FALSE
	EndGlobalSection
	GlobalSection(ExtensibilityGlobals) = postSolution
		SolutionGuid = {921C08D7-0171-4CE8-8DDB-F1D9B4770683}
	EndGlobalSection
EndGlobal
