
Microsoft Visual Studio Solution File, Format Version 12.00
# Visual Studio Version 17
VisualStudioVersion = 17.13.35818.85 d17.13
MinimumVisualStudioVersion = 10.0.40219.1
Project("{FAE04EC0-301F-11D3-BF4B-00C04F79EFBC}") = "LikeLion2", "LikeLion2\LikeLion2.csproj", "{1ACE0C38-4C9D-4C60-A562-053F1409A5C2}"
EndProject
Global
	GlobalSection(SolutionConfigurationPlatforms) = preSolution
		Debug|Any CPU = Debug|Any CPU
		Release|Any CPU = Release|Any CPU
	EndGlobalSection
	GlobalSection(ProjectConfigurationPlatforms) = postSolution
		{1ACE0C38-4C9D-4C60-A562-053F1409A5C2}.Debug|Any CPU.ActiveCfg = Debug|Any CPU
		{1ACE0C38-4C9D-4C60-A562-053F1409A5C2}.Debug|Any CPU.Build.0 = Debug|Any CPU
		{1ACE0C38-4C9D-4C60-A562-053F1409A5C2}.Release|Any CPU.ActiveCfg = Release|Any CPU
		{1ACE0C38-4C9D-4C60-A562-053F1409A5C2}.Release|Any CPU.Build.0 = Release|Any CPU
	EndGlobalSection
	GlobalSection(SolutionProperties) = preSolution
		HideSolutionNode = FALSE
	EndGlobalSection
	GlobalSection(ExtensibilityGlobals) = postSolution
		SolutionGuid = {E69EE01A-F062-416A-A6C9-848889322290}
	EndGlobalSection
EndGlobal
