
Microsoft Visual Studio Solution File, Format Version 12.00
# Visual Studio Version 17
VisualStudioVersion = 17.13.35818.85 d17.13
MinimumVisualStudioVersion = 10.0.40219.1
Project("{FAE04EC0-301F-11D3-BF4B-00C04F79EFBC}") = "ShootingGame1", "ShootingGame1\ShootingGame1.csproj", "{231D37E6-FA74-48F3-B046-6294E88E931A}"
EndProject
Global
	GlobalSection(SolutionConfigurationPlatforms) = preSolution
		Debug|Any CPU = Debug|Any CPU
		Release|Any CPU = Release|Any CPU
	EndGlobalSection
	GlobalSection(ProjectConfigurationPlatforms) = postSolution
		{231D37E6-FA74-48F3-B046-6294E88E931A}.Debug|Any CPU.ActiveCfg = Debug|Any CPU
		{231D37E6-FA74-48F3-B046-6294E88E931A}.Debug|Any CPU.Build.0 = Debug|Any CPU
		{231D37E6-FA74-48F3-B046-6294E88E931A}.Release|Any CPU.ActiveCfg = Release|Any CPU
		{231D37E6-FA74-48F3-B046-6294E88E931A}.Release|Any CPU.Build.0 = Release|Any CPU
	EndGlobalSection
	GlobalSection(SolutionProperties) = preSolution
		HideSolutionNode = FALSE
	EndGlobalSection
	GlobalSection(ExtensibilityGlobals) = postSolution
		SolutionGuid = {59E1064E-EBF7-42BC-94FD-B8089B46BF4A}
	EndGlobalSection
EndGlobal
