
Microsoft Visual Studio Solution File, Format Version 12.00
# Visual Studio Version 17
VisualStudioVersion = 17.13.35818.85 d17.13
MinimumVisualStudioVersion = 10.0.40219.1
Project("{FAE04EC0-301F-11D3-BF4B-00C04F79EFBC}") = "study39", "study39\study39.csproj", "{DADBAAFB-5E9D-4FC8-A0FE-B6085ED9C85F}"
EndProject
Global
	GlobalSection(SolutionConfigurationPlatforms) = preSolution
		Debug|Any CPU = Debug|Any CPU
		Release|Any CPU = Release|Any CPU
	EndGlobalSection
	GlobalSection(ProjectConfigurationPlatforms) = postSolution
		{DADBAAFB-5E9D-4FC8-A0FE-B6085ED9C85F}.Debug|Any CPU.ActiveCfg = Debug|Any CPU
		{DADBAAFB-5E9D-4FC8-A0FE-B6085ED9C85F}.Debug|Any CPU.Build.0 = Debug|Any CPU
		{DADBAAFB-5E9D-4FC8-A0FE-B6085ED9C85F}.Release|Any CPU.ActiveCfg = Release|Any CPU
		{DADBAAFB-5E9D-4FC8-A0FE-B6085ED9C85F}.Release|Any CPU.Build.0 = Release|Any CPU
	EndGlobalSection
	GlobalSection(SolutionProperties) = preSolution
		HideSolutionNode = FALSE
	EndGlobalSection
	GlobalSection(ExtensibilityGlobals) = postSolution
		SolutionGuid = {3F55E1BD-5E26-4B5C-8891-4E95B664A0B8}
	EndGlobalSection
EndGlobal
